
Microsoft Visual Studio Solution File, Format Version 12.00
# Visual Studio Version 17
VisualStudioVersion = 17.0.31903.59
MinimumVisualStudioVersion = 10.0.40219.1
Project("{FAE04EC0-301F-11D3-BF4B-00C04F79EFBC}") = "WebApi", "WebApi.csproj", "{D5745711-AB9F-4184-B934-D162609E2515}"
EndProject
Project("{FAE04EC0-301F-11D3-BF4B-00C04F79EFBC}") = "WebApi.Test", "WebApi.Test\WebApi.Test.csproj", "{D9A80EA9-0AEB-446D-B27E-1B5CC3E669F7}"
EndProject
Project("{FAE04EC0-301F-11D3-BF4B-00C04F79EFBC}") = "Application", "..\Application\Application.csproj", "{BB029A34-5472-4C59-AB85-0B70487B492C}"
EndProject
Project("{FAE04EC0-301F-11D3-BF4B-00C04F79EFBC}") = "Infrastructure", "..\Infrastructure\Infrastructure.csproj", "{8FF0999E-EE3F-4EB2-9836-81312126F9FA}"
EndProject
Project("{FAE04EC0-301F-11D3-BF4B-00C04F79EFBC}") = "Domain", "..\Domain\Domain.csproj", "{998C6942-4632-4D8F-8734-D9E675DFE3EE}"
EndProject
Project("{FAE04EC0-301F-11D3-BF4B-00C04F79EFBC}") = "Shared", "..\Shared\Shared\Shared.csproj", "{1DD51875-5B9C-48F9-A8E1-2C264F75849C}"
EndProject
Global
	GlobalSection(SolutionConfigurationPlatforms) = preSolution
		Debug|Any CPU = Debug|Any CPU
		Debug|x64 = Debug|x64
		Debug|x86 = Debug|x86
		Release|Any CPU = Release|Any CPU
		Release|x64 = Release|x64
		Release|x86 = Release|x86
	EndGlobalSection
	GlobalSection(ProjectConfigurationPlatforms) = postSolution
		{D5745711-AB9F-4184-B934-D162609E2515}.Debug|Any CPU.ActiveCfg = Debug|Any CPU
		{D5745711-AB9F-4184-B934-D162609E2515}.Debug|Any CPU.Build.0 = Debug|Any CPU
		{D5745711-AB9F-4184-B934-D162609E2515}.Debug|x64.ActiveCfg = Debug|Any CPU
		{D5745711-AB9F-4184-B934-D162609E2515}.Debug|x64.Build.0 = Debug|Any CPU
		{D5745711-AB9F-4184-B934-D162609E2515}.Debug|x86.ActiveCfg = Debug|Any CPU
		{D5745711-AB9F-4184-B934-D162609E2515}.Debug|x86.Build.0 = Debug|Any CPU
		{D5745711-AB9F-4184-B934-D162609E2515}.Release|Any CPU.ActiveCfg = Release|Any CPU
		{D5745711-AB9F-4184-B934-D162609E2515}.Release|Any CPU.Build.0 = Release|Any CPU
		{D5745711-AB9F-4184-B934-D162609E2515}.Release|x64.ActiveCfg = Release|Any CPU
		{D5745711-AB9F-4184-B934-D162609E2515}.Release|x64.Build.0 = Release|Any CPU
		{D5745711-AB9F-4184-B934-D162609E2515}.Release|x86.ActiveCfg = Release|Any CPU
		{D5745711-AB9F-4184-B934-D162609E2515}.Release|x86.Build.0 = Release|Any CPU
		{D9A80EA9-0AEB-446D-B27E-1B5CC3E669F7}.Debug|Any CPU.ActiveCfg = Debug|Any CPU
		{D9A80EA9-0AEB-446D-B27E-1B5CC3E669F7}.Debug|Any CPU.Build.0 = Debug|Any CPU
		{D9A80EA9-0AEB-446D-B27E-1B5CC3E669F7}.Debug|x64.ActiveCfg = Debug|Any CPU
		{D9A80EA9-0AEB-446D-B27E-1B5CC3E669F7}.Debug|x64.Build.0 = Debug|Any CPU
		{D9A80EA9-0AEB-446D-B27E-1B5CC3E669F7}.Debug|x86.ActiveCfg = Debug|Any CPU
		{D9A80EA9-0AEB-446D-B27E-1B5CC3E669F7}.Debug|x86.Build.0 = Debug|Any CPU
		{D9A80EA9-0AEB-446D-B27E-1B5CC3E669F7}.Release|Any CPU.ActiveCfg = Release|Any CPU
		{D9A80EA9-0AEB-446D-B27E-1B5CC3E669F7}.Release|Any CPU.Build.0 = Release|Any CPU
		{D9A80EA9-0AEB-446D-B27E-1B5CC3E669F7}.Release|x64.ActiveCfg = Release|Any CPU
		{D9A80EA9-0AEB-446D-B27E-1B5CC3E669F7}.Release|x64.Build.0 = Release|Any CPU
		{D9A80EA9-0AEB-446D-B27E-1B5CC3E669F7}.Release|x86.ActiveCfg = Release|Any CPU
		{D9A80EA9-0AEB-446D-B27E-1B5CC3E669F7}.Release|x86.Build.0 = Release|Any CPU
		{BB029A34-5472-4C59-AB85-0B70487B492C}.Debug|Any CPU.ActiveCfg = Debug|Any CPU
		{BB029A34-5472-4C59-AB85-0B70487B492C}.Debug|Any CPU.Build.0 = Debug|Any CPU
		{BB029A34-5472-4C59-AB85-0B70487B492C}.Debug|x64.ActiveCfg = Debug|Any CPU
		{BB029A34-5472-4C59-AB85-0B70487B492C}.Debug|x64.Build.0 = Debug|Any CPU
		{BB029A34-5472-4C59-AB85-0B70487B492C}.Debug|x86.ActiveCfg = Debug|Any CPU
		{BB029A34-5472-4C59-AB85-0B70487B492C}.Debug|x86.Build.0 = Debug|Any CPU
		{BB029A34-5472-4C59-AB85-0B70487B492C}.Release|Any CPU.ActiveCfg = Release|Any CPU
		{BB029A34-5472-4C59-AB85-0B70487B492C}.Release|Any CPU.Build.0 = Release|Any CPU
		{BB029A34-5472-4C59-AB85-0B70487B492C}.Release|x64.ActiveCfg = Release|Any CPU
		{BB029A34-5472-4C59-AB85-0B70487B492C}.Release|x64.Build.0 = Release|Any CPU
		{BB029A34-5472-4C59-AB85-0B70487B492C}.Release|x86.ActiveCfg = Release|Any CPU
		{BB029A34-5472-4C59-AB85-0B70487B492C}.Release|x86.Build.0 = Release|Any CPU
		{8FF0999E-EE3F-4EB2-9836-81312126F9FA}.Debug|Any CPU.ActiveCfg = Debug|Any CPU
		{8FF0999E-EE3F-4EB2-9836-81312126F9FA}.Debug|Any CPU.Build.0 = Debug|Any CPU
		{8FF0999E-EE3F-4EB2-9836-81312126F9FA}.Debug|x64.ActiveCfg = Debug|Any CPU
		{8FF0999E-EE3F-4EB2-9836-81312126F9FA}.Debug|x64.Build.0 = Debug|Any CPU
		{8FF0999E-EE3F-4EB2-9836-81312126F9FA}.Debug|x86.ActiveCfg = Debug|Any CPU
		{8FF0999E-EE3F-4EB2-9836-81312126F9FA}.Debug|x86.Build.0 = Debug|Any CPU
		{8FF0999E-EE3F-4EB2-9836-81312126F9FA}.Release|Any CPU.ActiveCfg = Release|Any CPU
		{8FF0999E-EE3F-4EB2-9836-81312126F9FA}.Release|Any CPU.Build.0 = Release|Any CPU
		{8FF0999E-EE3F-4EB2-9836-81312126F9FA}.Release|x64.ActiveCfg = Release|Any CPU
		{8FF0999E-EE3F-4EB2-9836-81312126F9FA}.Release|x64.Build.0 = Release|Any CPU
		{8FF0999E-EE3F-4EB2-9836-81312126F9FA}.Release|x86.ActiveCfg = Release|Any CPU
		{8FF0999E-EE3F-4EB2-9836-81312126F9FA}.Release|x86.Build.0 = Release|Any CPU
		{998C6942-4632-4D8F-8734-D9E675DFE3EE}.Debug|Any CPU.ActiveCfg = Debug|Any CPU
		{998C6942-4632-4D8F-8734-D9E675DFE3EE}.Debug|Any CPU.Build.0 = Debug|Any CPU
		{998C6942-4632-4D8F-8734-D9E675DFE3EE}.Debug|x64.ActiveCfg = Debug|Any CPU
		{998C6942-4632-4D8F-8734-D9E675DFE3EE}.Debug|x64.Build.0 = Debug|Any CPU
		{998C6942-4632-4D8F-8734-D9E675DFE3EE}.Debug|x86.ActiveCfg = Debug|Any CPU
		{998C6942-4632-4D8F-8734-D9E675DFE3EE}.Debug|x86.Build.0 = Debug|Any CPU
		{998C6942-4632-4D8F-8734-D9E675DFE3EE}.Release|Any CPU.ActiveCfg = Release|Any CPU
		{998C6942-4632-4D8F-8734-D9E675DFE3EE}.Release|Any CPU.Build.0 = Release|Any CPU
		{998C6942-4632-4D8F-8734-D9E675DFE3EE}.Release|x64.ActiveCfg = Release|Any CPU
		{998C6942-4632-4D8F-8734-D9E675DFE3EE}.Release|x64.Build.0 = Release|Any CPU
		{998C6942-4632-4D8F-8734-D9E675DFE3EE}.Release|x86.ActiveCfg = Release|Any CPU
		{998C6942-4632-4D8F-8734-D9E675DFE3EE}.Release|x86.Build.0 = Release|Any CPU
		{1DD51875-5B9C-48F9-A8E1-2C264F75849C}.Debug|Any CPU.ActiveCfg = Debug|Any CPU
		{1DD51875-5B9C-48F9-A8E1-2C264F75849C}.Debug|Any CPU.Build.0 = Debug|Any CPU
		{1DD51875-5B9C-48F9-A8E1-2C264F75849C}.Debug|x64.ActiveCfg = Debug|Any CPU
		{1DD51875-5B9C-48F9-A8E1-2C264F75849C}.Debug|x64.Build.0 = Debug|Any CPU
		{1DD51875-5B9C-48F9-A8E1-2C264F75849C}.Debug|x86.ActiveCfg = Debug|Any CPU
		{1DD51875-5B9C-48F9-A8E1-2C264F75849C}.Debug|x86.Build.0 = Debug|Any CPU
		{1DD51875-5B9C-48F9-A8E1-2C264F75849C}.Release|Any CPU.ActiveCfg = Release|Any CPU
		{1DD51875-5B9C-48F9-A8E1-2C264F75849C}.Release|Any CPU.Build.0 = Release|Any CPU
		{1DD51875-5B9C-48F9-A8E1-2C264F75849C}.Release|x64.ActiveCfg = Release|Any CPU
		{1DD51875-5B9C-48F9-A8E1-2C264F75849C}.Release|x64.Build.0 = Release|Any CPU
		{1DD51875-5B9C-48F9-A8E1-2C264F75849C}.Release|x86.ActiveCfg = Release|Any CPU
		{1DD51875-5B9C-48F9-A8E1-2C264F75849C}.Release|x86.Build.0 = Release|Any CPU
	EndGlobalSection
	GlobalSection(SolutionProperties) = preSolution
		HideSolutionNode = FALSE
	EndGlobalSection
EndGlobal
